
Microsoft Visual Studio Solution File, Format Version 12.00
# Visual Studio Version 16
VisualStudioVersion = 16.0.35425.106
MinimumVisualStudioVersion = 10.0.40219.1
Project("{FAE04EC0-301F-11D3-BF4B-00C04F79EFBC}") = "PTH", "PTH\PTH.csproj", "{1814D5E8-C024-4725-B0F5-DEF6DCDBC266}"
EndProject
Global
	GlobalSection(SolutionConfigurationPlatforms) = preSolution
		Debug|Any CPU = Debug|Any CPU
		Release|Any CPU = Release|Any CPU
	EndGlobalSection
	GlobalSection(ProjectConfigurationPlatforms) = postSolution
		{1814D5E8-C024-4725-B0F5-DEF6DCDBC266}.Debug|Any CPU.ActiveCfg = Debug|Any CPU
		{1814D5E8-C024-4725-B0F5-DEF6DCDBC266}.Debug|Any CPU.Build.0 = Debug|Any CPU
		{1814D5E8-C024-4725-B0F5-DEF6DCDBC266}.Release|Any CPU.ActiveCfg = Release|Any CPU
		{1814D5E8-C024-4725-B0F5-DEF6DCDBC266}.Release|Any CPU.Build.0 = Release|Any CPU
	EndGlobalSection
	GlobalSection(SolutionProperties) = preSolution
		HideSolutionNode = FALSE
	EndGlobalSection
	GlobalSection(ExtensibilityGlobals) = postSolution
		SolutionGuid = {7CDFB561-BDC2-4005-A257-4927CC26DE01}
	EndGlobalSection
EndGlobal
